{
  "version": 4,
  "terraform_version": "0.13.4",
  "serial": 1,
  "lineage": "f771135a-ea22-86e7-2d21-ce1bbbea9487",
  "outputs": {},
  "resources": [
    {
      "mode": "managed",
      "type": "aws_vpc",
      "name": "vpc",
      "provider": "provider[\"registry.terraform.io/hashicorp/aws\"]",
      "instances": [
        {
          "schema_version": 1,
          "attributes": {
            "arn": "arn:aws:ec2:us-east-1:330652487413:vpc/vpc-0cb79f478553acab4",
            "assign_generated_ipv6_cidr_block": false,
            "cidr_block": "10.0.0.0/16",
            "default_network_acl_id": "acl-06690038cb4847cc0",
            "default_route_table_id": "rtb-0490ae128db23ebc2",
            "default_security_group_id": "sg-04d9dcf948e776638",
            "dhcp_options_id": "dopt-a8b367d2",
            "enable_classiclink": false,
            "enable_classiclink_dns_support": false,
            "enable_dns_hostnames": false,
            "enable_dns_support": true,
            "id": "vpc-0cb79f478553acab4",
            "instance_tenancy": "default",
            "ipv6_association_id": "",
            "ipv6_cidr_block": "",
            "main_route_table_id": "rtb-0490ae128db23ebc2",
            "owner_id": "330652487413",
            "tags": {
              "Environment": "staging",
              "Name": "Demo",
              "Terraformed": "True"
            }
          },
          "private": "eyJzY2hlbWFfdmVyc2lvbiI6IjEifQ=="
        }
      ]
    }
  ]
}
